
Microsoft Visual Studio Solution File, Format Version 12.00
# Visual Studio Version 17
VisualStudioVersion = 17.9.34728.123
MinimumVisualStudioVersion = 10.0.40219.1
Project("{FAE04EC0-301F-11D3-BF4B-00C04F79EFBC}") = "Homework0304", "Homework0304\Homework0304.csproj", "{79CA3E78-8672-492A-90A1-0B596D6EEEAE}"
EndProject
Project("{FAE04EC0-301F-11D3-BF4B-00C04F79EFBC}") = "Client", "Client\Client.csproj", "{6DB986E5-15DD-4BB4-9C96-93A067B9CC94}"
EndProject
Global
	GlobalSection(SolutionConfigurationPlatforms) = preSolution
		Debug|Any CPU = Debug|Any CPU
		Release|Any CPU = Release|Any CPU
	EndGlobalSection
	GlobalSection(ProjectConfigurationPlatforms) = postSolution
		{79CA3E78-8672-492A-90A1-0B596D6EEEAE}.Debug|Any CPU.ActiveCfg = Debug|Any CPU
		{79CA3E78-8672-492A-90A1-0B596D6EEEAE}.Debug|Any CPU.Build.0 = Debug|Any CPU
		{79CA3E78-8672-492A-90A1-0B596D6EEEAE}.Release|Any CPU.ActiveCfg = Release|Any CPU
		{79CA3E78-8672-492A-90A1-0B596D6EEEAE}.Release|Any CPU.Build.0 = Release|Any CPU
		{6DB986E5-15DD-4BB4-9C96-93A067B9CC94}.Debug|Any CPU.ActiveCfg = Debug|Any CPU
		{6DB986E5-15DD-4BB4-9C96-93A067B9CC94}.Debug|Any CPU.Build.0 = Debug|Any CPU
		{6DB986E5-15DD-4BB4-9C96-93A067B9CC94}.Release|Any CPU.ActiveCfg = Release|Any CPU
		{6DB986E5-15DD-4BB4-9C96-93A067B9CC94}.Release|Any CPU.Build.0 = Release|Any CPU
	EndGlobalSection
	GlobalSection(SolutionProperties) = preSolution
		HideSolutionNode = FALSE
	EndGlobalSection
	GlobalSection(ExtensibilityGlobals) = postSolution
		SolutionGuid = {DC985268-9F54-40B6-8169-91D96C32DF76}
	EndGlobalSection
EndGlobal
