
Microsoft Visual Studio Solution File, Format Version 12.00
# Visual Studio Version 17
VisualStudioVersion = 17.9.34728.123
MinimumVisualStudioVersion = 10.0.40219.1
Project("{FAE04EC0-301F-11D3-BF4B-00C04F79EFBC}") = "PetProject", "PetProject\PetProject.csproj", "{4497A4DE-6963-4759-942F-522DC1C0053E}"
EndProject
Project("{FAE04EC0-301F-11D3-BF4B-00C04F79EFBC}") = "DTO", "DTO\DTO.csproj", "{E9D84551-C450-4977-AE87-673BEC2575F4}"
EndProject
Global
	GlobalSection(SolutionConfigurationPlatforms) = preSolution
		Debug|Any CPU = Debug|Any CPU
		Release|Any CPU = Release|Any CPU
	EndGlobalSection
	GlobalSection(ProjectConfigurationPlatforms) = postSolution
		{4497A4DE-6963-4759-942F-522DC1C0053E}.Debug|Any CPU.ActiveCfg = Debug|Any CPU
		{4497A4DE-6963-4759-942F-522DC1C0053E}.Debug|Any CPU.Build.0 = Debug|Any CPU
		{4497A4DE-6963-4759-942F-522DC1C0053E}.Release|Any CPU.ActiveCfg = Release|Any CPU
		{4497A4DE-6963-4759-942F-522DC1C0053E}.Release|Any CPU.Build.0 = Release|Any CPU
		{E9D84551-C450-4977-AE87-673BEC2575F4}.Debug|Any CPU.ActiveCfg = Debug|Any CPU
		{E9D84551-C450-4977-AE87-673BEC2575F4}.Debug|Any CPU.Build.0 = Debug|Any CPU
		{E9D84551-C450-4977-AE87-673BEC2575F4}.Release|Any CPU.ActiveCfg = Release|Any CPU
		{E9D84551-C450-4977-AE87-673BEC2575F4}.Release|Any CPU.Build.0 = Release|Any CPU
	EndGlobalSection
	GlobalSection(SolutionProperties) = preSolution
		HideSolutionNode = FALSE
	EndGlobalSection
	GlobalSection(ExtensibilityGlobals) = postSolution
		SolutionGuid = {C5B95538-35D0-4641-A2C8-51ED3C317C8D}
	EndGlobalSection
EndGlobal
