
Microsoft Visual Studio Solution File, Format Version 12.00
# Visual Studio Version 17
VisualStudioVersion = 17.10.34804.81
MinimumVisualStudioVersion = 10.0.40219.1
Project("{FAE04EC0-301F-11D3-BF4B-00C04F79EFBC}") = "StoreServiceClient", "StoreServiceClient\StoreServiceClient.csproj", "{85BAA4E7-3115-4904-95F3-6BED8289568F}"
EndProject
Global
	GlobalSection(SolutionConfigurationPlatforms) = preSolution
		Debug|Any CPU = Debug|Any CPU
		Release|Any CPU = Release|Any CPU
	EndGlobalSection
	GlobalSection(ProjectConfigurationPlatforms) = postSolution
		{85BAA4E7-3115-4904-95F3-6BED8289568F}.Debug|Any CPU.ActiveCfg = Debug|Any CPU
		{85BAA4E7-3115-4904-95F3-6BED8289568F}.Debug|Any CPU.Build.0 = Debug|Any CPU
		{85BAA4E7-3115-4904-95F3-6BED8289568F}.Release|Any CPU.ActiveCfg = Release|Any CPU
		{85BAA4E7-3115-4904-95F3-6BED8289568F}.Release|Any CPU.Build.0 = Release|Any CPU
	EndGlobalSection
	GlobalSection(SolutionProperties) = preSolution
		HideSolutionNode = FALSE
	EndGlobalSection
	GlobalSection(ExtensibilityGlobals) = postSolution
		SolutionGuid = {51F0E493-BC93-41DF-90E3-925F9DF28BE6}
	EndGlobalSection
EndGlobal
